
Microsoft Visual Studio Solution File, Format Version 12.00
# Visual Studio Version 17
VisualStudioVersion = 17.11.35303.130
MinimumVisualStudioVersion = 10.0.40219.1
Project("{FAE04EC0-301F-11D3-BF4B-00C04F79EFBC}") = "Llibreria", "Llibreria\Llibreria.csproj", "{BE004587-4AC8-4007-922A-E504F885D818}"
EndProject
Global
	GlobalSection(SolutionConfigurationPlatforms) = preSolution
		Debug|Any CPU = Debug|Any CPU
		Release|Any CPU = Release|Any CPU
	EndGlobalSection
	GlobalSection(ProjectConfigurationPlatforms) = postSolution
		{BE004587-4AC8-4007-922A-E504F885D818}.Debug|Any CPU.ActiveCfg = Debug|Any CPU
		{BE004587-4AC8-4007-922A-E504F885D818}.Debug|Any CPU.Build.0 = Debug|Any CPU
		{BE004587-4AC8-4007-922A-E504F885D818}.Release|Any CPU.ActiveCfg = Release|Any CPU
		{BE004587-4AC8-4007-922A-E504F885D818}.Release|Any CPU.Build.0 = Release|Any CPU
	EndGlobalSection
	GlobalSection(SolutionProperties) = preSolution
		HideSolutionNode = FALSE
	EndGlobalSection
	GlobalSection(ExtensibilityGlobals) = postSolution
		SolutionGuid = {41B70FD7-4666-4D42-9538-F1BF4218D4CA}
	EndGlobalSection
EndGlobal
